
Microsoft Visual Studio Solution File, Format Version 12.00
# Visual Studio Version 17
VisualStudioVersion = 17.14.36811.4
MinimumVisualStudioVersion = 10.0.40219.1
Project("{2150E333-8FDC-42A3-9474-1A3956D46DE8}") = "Server", "Server", "{02EA681E-C7D8-13C7-8484-4AC65E1B71E8}"
EndProject
Project("{2150E333-8FDC-42A3-9474-1A3956D46DE8}") = "Client", "Client", "{74CB300B-E0F8-4165-9EF5-C9C1B40BFBE1}"
EndProject
Project("{2150E333-8FDC-42A3-9474-1A3956D46DE8}") = "Common", "Common", "{314C2412-6126-457E-9DEE-14B00AB07BCD}"
EndProject
Project("{FAE04EC0-301F-11D3-BF4B-00C04F79EFBC}") = "PizzaDeliverySimulator.Server", "Server\PizzaDeliverySimulator.Server\PizzaDeliverySimulator.Server.csproj", "{B7E563FF-53FF-4570-9B23-C10C8E47C42C}"
EndProject
Project("{FAE04EC0-301F-11D3-BF4B-00C04F79EFBC}") = "PizzaDeliverySimulator.Customer", "Client\PizzaDeliverySimulator.Customer\PizzaDeliverySimulator.Customer.csproj", "{214FA756-C79B-4C19-8DD2-1754BD8FA4F9}"
EndProject
Project("{FAE04EC0-301F-11D3-BF4B-00C04F79EFBC}") = "PizzaDeliverySimulator.Driver", "Client\PizzaDeliverySimulator.Driver\PizzaDeliverySimulator.Driver.csproj", "{639BD54A-18B8-4D6B-BF28-F289BB014ED5}"
EndProject
Project("{FAE04EC0-301F-11D3-BF4B-00C04F79EFBC}") = "PizzaDeliverySimulator.Common", "Common\PizzaDeliverySimulator.Common\PizzaDeliverySimulator.Common.csproj", "{C133E0C0-C5AC-49E2-B883-5DB8076A2CA2}"
EndProject
Global
	GlobalSection(SolutionConfigurationPlatforms) = preSolution
		Debug|Any CPU = Debug|Any CPU
		Release|Any CPU = Release|Any CPU
	EndGlobalSection
	GlobalSection(ProjectConfigurationPlatforms) = postSolution
		{B7E563FF-53FF-4570-9B23-C10C8E47C42C}.Debug|Any CPU.ActiveCfg = Debug|Any CPU
		{B7E563FF-53FF-4570-9B23-C10C8E47C42C}.Debug|Any CPU.Build.0 = Debug|Any CPU
		{B7E563FF-53FF-4570-9B23-C10C8E47C42C}.Release|Any CPU.ActiveCfg = Release|Any CPU
		{B7E563FF-53FF-4570-9B23-C10C8E47C42C}.Release|Any CPU.Build.0 = Release|Any CPU
		{214FA756-C79B-4C19-8DD2-1754BD8FA4F9}.Debug|Any CPU.ActiveCfg = Debug|Any CPU
		{214FA756-C79B-4C19-8DD2-1754BD8FA4F9}.Debug|Any CPU.Build.0 = Debug|Any CPU
		{214FA756-C79B-4C19-8DD2-1754BD8FA4F9}.Release|Any CPU.ActiveCfg = Release|Any CPU
		{214FA756-C79B-4C19-8DD2-1754BD8FA4F9}.Release|Any CPU.Build.0 = Release|Any CPU
		{639BD54A-18B8-4D6B-BF28-F289BB014ED5}.Debug|Any CPU.ActiveCfg = Debug|Any CPU
		{639BD54A-18B8-4D6B-BF28-F289BB014ED5}.Debug|Any CPU.Build.0 = Debug|Any CPU
		{639BD54A-18B8-4D6B-BF28-F289BB014ED5}.Release|Any CPU.ActiveCfg = Release|Any CPU
		{639BD54A-18B8-4D6B-BF28-F289BB014ED5}.Release|Any CPU.Build.0 = Release|Any CPU
		{C133E0C0-C5AC-49E2-B883-5DB8076A2CA2}.Debug|Any CPU.ActiveCfg = Debug|Any CPU
		{C133E0C0-C5AC-49E2-B883-5DB8076A2CA2}.Debug|Any CPU.Build.0 = Debug|Any CPU
		{C133E0C0-C5AC-49E2-B883-5DB8076A2CA2}.Release|Any CPU.ActiveCfg = Release|Any CPU
		{C133E0C0-C5AC-49E2-B883-5DB8076A2CA2}.Release|Any CPU.Build.0 = Release|Any CPU
	EndGlobalSection
	GlobalSection(SolutionProperties) = preSolution
		HideSolutionNode = FALSE
	EndGlobalSection
	GlobalSection(NestedProjects) = preSolution
		{B7E563FF-53FF-4570-9B23-C10C8E47C42C} = {02EA681E-C7D8-13C7-8484-4AC65E1B71E8}
		{214FA756-C79B-4C19-8DD2-1754BD8FA4F9} = {74CB300B-E0F8-4165-9EF5-C9C1B40BFBE1}
		{639BD54A-18B8-4D6B-BF28-F289BB014ED5} = {74CB300B-E0F8-4165-9EF5-C9C1B40BFBE1}
		{C133E0C0-C5AC-49E2-B883-5DB8076A2CA2} = {314C2412-6126-457E-9DEE-14B00AB07BCD}
	EndGlobalSection
	GlobalSection(ExtensibilityGlobals) = postSolution
		SolutionGuid = {35C6FA61-30A1-423F-8C85-A8174EA5E6C3}
	EndGlobalSection
EndGlobal
